
Microsoft Visual Studio Solution File, Format Version 12.00
# Visual Studio 15
Project("{2150E333-8FDC-42A3-9474-1A3956D46DE8}") = "src", "src", "{96A4B550-34BF-42E5-8616-9417AC211E06}"
EndProject
Project("{FAE04EC0-301F-11D3-BF4B-00C04F79EFBC}") = "DotNetCoreRpc.Client", "src\DotNetCoreRpc.Client\DotNetCoreRpc.Client.csproj", "{24C6EB77-6E2F-4CAD-BA1F-FF5020AF1817}"
EndProject
Project("{FAE04EC0-301F-11D3-BF4B-00C04F79EFBC}") = "DotNetCoreRpc.Core", "src\DotNetCoreRpc.Core\DotNetCoreRpc.Core.csproj", "{C06FC74F-3780-456B-93D3-010EBCBDB381}"
EndProject
Project("{FAE04EC0-301F-11D3-BF4B-00C04F79EFBC}") = "DotNetCoreRpc.Server", "src\DotNetCoreRpc.Server\DotNetCoreRpc.Server.csproj", "{7D6A8810-1EE4-40F1-A122-02AEB85F8053}"
EndProject
Project("{2150E333-8FDC-42A3-9474-1A3956D46DE8}") = "demo", "demo", "{D2541A66-D747-491B-A2D5-449097B9E199}"
EndProject
Project("{FAE04EC0-301F-11D3-BF4B-00C04F79EFBC}") = "Test.IDAL", "demo\Test.IDAL\Test.IDAL.csproj", "{C950CC8A-D2EB-4EDA-A119-F35C05C50FCF}"
EndProject
Project("{FAE04EC0-301F-11D3-BF4B-00C04F79EFBC}") = "Test.DAL", "demo\Test.DAL\Test.DAL.csproj", "{F141B13D-2EAB-443A-8E8A-BCAAC65DEC42}"
EndProject
Project("{FAE04EC0-301F-11D3-BF4B-00C04F79EFBC}") = "Test.Model", "demo\Test.Model\Test.Model.csproj", "{00AFAFAC-4683-47E6-A258-8DA2D493E733}"
EndProject
Project("{FAE04EC0-301F-11D3-BF4B-00C04F79EFBC}") = "Test.IService", "demo\Test.IService\Test.IService.csproj", "{45F40C1D-39BC-4A24-89FB-41911D540540}"
EndProject
Project("{FAE04EC0-301F-11D3-BF4B-00C04F79EFBC}") = "Test.Service", "demo\Test.Service\Test.Service.csproj", "{D7A710DB-9AAC-4A74-A85B-E8FB81ECAEA3}"
EndProject
Project("{FAE04EC0-301F-11D3-BF4B-00C04F79EFBC}") = "Test.Server", "demo\Test.Server\Test.Server.csproj", "{394B4CC5-7394-402A-B326-BF8B095943C2}"
EndProject
Project("{FAE04EC0-301F-11D3-BF4B-00C04F79EFBC}") = "Test.Client", "demo\Test.Client\Test.Client.csproj", "{373B8038-BD56-4237-900A-BEE06354B652}"
EndProject
Global
	GlobalSection(SolutionConfigurationPlatforms) = preSolution
		Debug|Any CPU = Debug|Any CPU
		Release|Any CPU = Release|Any CPU
	EndGlobalSection
	GlobalSection(ProjectConfigurationPlatforms) = postSolution
		{24C6EB77-6E2F-4CAD-BA1F-FF5020AF1817}.Debug|Any CPU.ActiveCfg = Debug|Any CPU
		{24C6EB77-6E2F-4CAD-BA1F-FF5020AF1817}.Debug|Any CPU.Build.0 = Debug|Any CPU
		{24C6EB77-6E2F-4CAD-BA1F-FF5020AF1817}.Release|Any CPU.ActiveCfg = Release|Any CPU
		{24C6EB77-6E2F-4CAD-BA1F-FF5020AF1817}.Release|Any CPU.Build.0 = Release|Any CPU
		{C06FC74F-3780-456B-93D3-010EBCBDB381}.Debug|Any CPU.ActiveCfg = Debug|Any CPU
		{C06FC74F-3780-456B-93D3-010EBCBDB381}.Debug|Any CPU.Build.0 = Debug|Any CPU
		{C06FC74F-3780-456B-93D3-010EBCBDB381}.Release|Any CPU.ActiveCfg = Release|Any CPU
		{C06FC74F-3780-456B-93D3-010EBCBDB381}.Release|Any CPU.Build.0 = Release|Any CPU
		{7D6A8810-1EE4-40F1-A122-02AEB85F8053}.Debug|Any CPU.ActiveCfg = Debug|Any CPU
		{7D6A8810-1EE4-40F1-A122-02AEB85F8053}.Debug|Any CPU.Build.0 = Debug|Any CPU
		{7D6A8810-1EE4-40F1-A122-02AEB85F8053}.Release|Any CPU.ActiveCfg = Release|Any CPU
		{7D6A8810-1EE4-40F1-A122-02AEB85F8053}.Release|Any CPU.Build.0 = Release|Any CPU
		{C950CC8A-D2EB-4EDA-A119-F35C05C50FCF}.Debug|Any CPU.ActiveCfg = Debug|Any CPU
		{C950CC8A-D2EB-4EDA-A119-F35C05C50FCF}.Debug|Any CPU.Build.0 = Debug|Any CPU
		{C950CC8A-D2EB-4EDA-A119-F35C05C50FCF}.Release|Any CPU.ActiveCfg = Release|Any CPU
		{C950CC8A-D2EB-4EDA-A119-F35C05C50FCF}.Release|Any CPU.Build.0 = Release|Any CPU
		{F141B13D-2EAB-443A-8E8A-BCAAC65DEC42}.Debug|Any CPU.ActiveCfg = Debug|Any CPU
		{F141B13D-2EAB-443A-8E8A-BCAAC65DEC42}.Debug|Any CPU.Build.0 = Debug|Any CPU
		{F141B13D-2EAB-443A-8E8A-BCAAC65DEC42}.Release|Any CPU.ActiveCfg = Release|Any CPU
		{F141B13D-2EAB-443A-8E8A-BCAAC65DEC42}.Release|Any CPU.Build.0 = Release|Any CPU
		{00AFAFAC-4683-47E6-A258-8DA2D493E733}.Debug|Any CPU.ActiveCfg = Debug|Any CPU
		{00AFAFAC-4683-47E6-A258-8DA2D493E733}.Debug|Any CPU.Build.0 = Debug|Any CPU
		{00AFAFAC-4683-47E6-A258-8DA2D493E733}.Release|Any CPU.ActiveCfg = Release|Any CPU
		{00AFAFAC-4683-47E6-A258-8DA2D493E733}.Release|Any CPU.Build.0 = Release|Any CPU
		{45F40C1D-39BC-4A24-89FB-41911D540540}.Debug|Any CPU.ActiveCfg = Debug|Any CPU
		{45F40C1D-39BC-4A24-89FB-41911D540540}.Debug|Any CPU.Build.0 = Debug|Any CPU
		{45F40C1D-39BC-4A24-89FB-41911D540540}.Release|Any CPU.ActiveCfg = Release|Any CPU
		{45F40C1D-39BC-4A24-89FB-41911D540540}.Release|Any CPU.Build.0 = Release|Any CPU
		{D7A710DB-9AAC-4A74-A85B-E8FB81ECAEA3}.Debug|Any CPU.ActiveCfg = Debug|Any CPU
		{D7A710DB-9AAC-4A74-A85B-E8FB81ECAEA3}.Debug|Any CPU.Build.0 = Debug|Any CPU
		{D7A710DB-9AAC-4A74-A85B-E8FB81ECAEA3}.Release|Any CPU.ActiveCfg = Release|Any CPU
		{D7A710DB-9AAC-4A74-A85B-E8FB81ECAEA3}.Release|Any CPU.Build.0 = Release|Any CPU
		{394B4CC5-7394-402A-B326-BF8B095943C2}.Debug|Any CPU.ActiveCfg = Debug|Any CPU
		{394B4CC5-7394-402A-B326-BF8B095943C2}.Debug|Any CPU.Build.0 = Debug|Any CPU
		{394B4CC5-7394-402A-B326-BF8B095943C2}.Release|Any CPU.ActiveCfg = Release|Any CPU
		{394B4CC5-7394-402A-B326-BF8B095943C2}.Release|Any CPU.Build.0 = Release|Any CPU
		{373B8038-BD56-4237-900A-BEE06354B652}.Debug|Any CPU.ActiveCfg = Debug|Any CPU
		{373B8038-BD56-4237-900A-BEE06354B652}.Debug|Any CPU.Build.0 = Debug|Any CPU
		{373B8038-BD56-4237-900A-BEE06354B652}.Release|Any CPU.ActiveCfg = Release|Any CPU
		{373B8038-BD56-4237-900A-BEE06354B652}.Release|Any CPU.Build.0 = Release|Any CPU
	EndGlobalSection
	GlobalSection(NestedProjects) = preSolution
		{24C6EB77-6E2F-4CAD-BA1F-FF5020AF1817} = {96A4B550-34BF-42E5-8616-9417AC211E06}
		{C06FC74F-3780-456B-93D3-010EBCBDB381} = {96A4B550-34BF-42E5-8616-9417AC211E06}
		{7D6A8810-1EE4-40F1-A122-02AEB85F8053} = {96A4B550-34BF-42E5-8616-9417AC211E06}
		{C950CC8A-D2EB-4EDA-A119-F35C05C50FCF} = {D2541A66-D747-491B-A2D5-449097B9E199}
		{F141B13D-2EAB-443A-8E8A-BCAAC65DEC42} = {D2541A66-D747-491B-A2D5-449097B9E199}
		{00AFAFAC-4683-47E6-A258-8DA2D493E733} = {D2541A66-D747-491B-A2D5-449097B9E199}
		{45F40C1D-39BC-4A24-89FB-41911D540540} = {D2541A66-D747-491B-A2D5-449097B9E199}
		{D7A710DB-9AAC-4A74-A85B-E8FB81ECAEA3} = {D2541A66-D747-491B-A2D5-449097B9E199}
		{394B4CC5-7394-402A-B326-BF8B095943C2} = {D2541A66-D747-491B-A2D5-449097B9E199}
		{373B8038-BD56-4237-900A-BEE06354B652} = {D2541A66-D747-491B-A2D5-449097B9E199}
	EndGlobalSection
EndGlobal
